
Microsoft Visual Studio Solution File, Format Version 12.00
# Visual Studio Version 16
VisualStudioVersion = 16.0.29201.188
MinimumVisualStudioVersion = 10.0.40219.1
Project("{8BC9CEB8-8B4A-11D0-8D11-00A0C91BC942}") = "10818", "10818\10818.vcxproj", "{E914104D-C118-4D41-8DC4-79CE8BD3071B}"
EndProject
Global
	GlobalSection(SolutionConfigurationPlatforms) = preSolution
		Debug|x64 = Debug|x64
		Debug|x86 = Debug|x86
		Release|x64 = Release|x64
		Release|x86 = Release|x86
	EndGlobalSection
	GlobalSection(ProjectConfigurationPlatforms) = postSolution
		{E914104D-C118-4D41-8DC4-79CE8BD3071B}.Debug|x64.ActiveCfg = Debug|x64
		{E914104D-C118-4D41-8DC4-79CE8BD3071B}.Debug|x64.Build.0 = Debug|x64
		{E914104D-C118-4D41-8DC4-79CE8BD3071B}.Debug|x86.ActiveCfg = Debug|Win32
		{E914104D-C118-4D41-8DC4-79CE8BD3071B}.Debug|x86.Build.0 = Debug|Win32
		{E914104D-C118-4D41-8DC4-79CE8BD3071B}.Release|x64.ActiveCfg = Release|x64
		{E914104D-C118-4D41-8DC4-79CE8BD3071B}.Release|x64.Build.0 = Release|x64
		{E914104D-C118-4D41-8DC4-79CE8BD3071B}.Release|x86.ActiveCfg = Release|Win32
		{E914104D-C118-4D41-8DC4-79CE8BD3071B}.Release|x86.Build.0 = Release|Win32
	EndGlobalSection
	GlobalSection(SolutionProperties) = preSolution
		HideSolutionNode = FALSE
	EndGlobalSection
	GlobalSection(ExtensibilityGlobals) = postSolution
		SolutionGuid = {081664EF-5B57-4161-9ECA-2F304D13B91A}
	EndGlobalSection
EndGlobal
