
Microsoft Visual Studio Solution File, Format Version 12.00
# Visual Studio 15
VisualStudioVersion = 15.0.28010.2046
MinimumVisualStudioVersion = 10.0.40219.1
Project("{8BC9CEB8-8B4A-11D0-8D11-00A0C91BC942}") = "10250", "10250\10250.vcxproj", "{7D49E916-53FC-48CE-A19F-A84F75CA0235}"
EndProject
Global
	GlobalSection(SolutionConfigurationPlatforms) = preSolution
		Debug|x64 = Debug|x64
		Debug|x86 = Debug|x86
		Release|x64 = Release|x64
		Release|x86 = Release|x86
	EndGlobalSection
	GlobalSection(ProjectConfigurationPlatforms) = postSolution
		{7D49E916-53FC-48CE-A19F-A84F75CA0235}.Debug|x64.ActiveCfg = Debug|x64
		{7D49E916-53FC-48CE-A19F-A84F75CA0235}.Debug|x64.Build.0 = Debug|x64
		{7D49E916-53FC-48CE-A19F-A84F75CA0235}.Debug|x86.ActiveCfg = Debug|Win32
		{7D49E916-53FC-48CE-A19F-A84F75CA0235}.Debug|x86.Build.0 = Debug|Win32
		{7D49E916-53FC-48CE-A19F-A84F75CA0235}.Release|x64.ActiveCfg = Release|x64
		{7D49E916-53FC-48CE-A19F-A84F75CA0235}.Release|x64.Build.0 = Release|x64
		{7D49E916-53FC-48CE-A19F-A84F75CA0235}.Release|x86.ActiveCfg = Release|Win32
		{7D49E916-53FC-48CE-A19F-A84F75CA0235}.Release|x86.Build.0 = Release|Win32
	EndGlobalSection
	GlobalSection(SolutionProperties) = preSolution
		HideSolutionNode = FALSE
	EndGlobalSection
	GlobalSection(ExtensibilityGlobals) = postSolution
		SolutionGuid = {B37F5371-7416-41F0-8875-0462BB05F1FB}
	EndGlobalSection
EndGlobal
