
Microsoft Visual Studio Solution File, Format Version 12.00
# Visual Studio 15
VisualStudioVersion = 15.0.28010.2046
MinimumVisualStudioVersion = 10.0.40219.1
Project("{8BC9CEB8-8B4A-11D0-8D11-00A0C91BC942}") = "11720", "11720\11720.vcxproj", "{366A58C5-4013-42F6-93FD-6887B57AD2F8}"
EndProject
Global
	GlobalSection(SolutionConfigurationPlatforms) = preSolution
		Debug|x64 = Debug|x64
		Debug|x86 = Debug|x86
		Release|x64 = Release|x64
		Release|x86 = Release|x86
	EndGlobalSection
	GlobalSection(ProjectConfigurationPlatforms) = postSolution
		{366A58C5-4013-42F6-93FD-6887B57AD2F8}.Debug|x64.ActiveCfg = Debug|x64
		{366A58C5-4013-42F6-93FD-6887B57AD2F8}.Debug|x64.Build.0 = Debug|x64
		{366A58C5-4013-42F6-93FD-6887B57AD2F8}.Debug|x86.ActiveCfg = Debug|Win32
		{366A58C5-4013-42F6-93FD-6887B57AD2F8}.Debug|x86.Build.0 = Debug|Win32
		{366A58C5-4013-42F6-93FD-6887B57AD2F8}.Release|x64.ActiveCfg = Release|x64
		{366A58C5-4013-42F6-93FD-6887B57AD2F8}.Release|x64.Build.0 = Release|x64
		{366A58C5-4013-42F6-93FD-6887B57AD2F8}.Release|x86.ActiveCfg = Release|Win32
		{366A58C5-4013-42F6-93FD-6887B57AD2F8}.Release|x86.Build.0 = Release|Win32
	EndGlobalSection
	GlobalSection(SolutionProperties) = preSolution
		HideSolutionNode = FALSE
	EndGlobalSection
	GlobalSection(ExtensibilityGlobals) = postSolution
		SolutionGuid = {A0F8D890-2237-42DE-99E1-D6EE1D6BB9A4}
	EndGlobalSection
EndGlobal
