
Microsoft Visual Studio Solution File, Format Version 12.00
# Visual Studio 15
VisualStudioVersion = 15.0.28307.421
MinimumVisualStudioVersion = 10.0.40219.1
Project("{8BC9CEB8-8B4A-11D0-8D11-00A0C91BC942}") = "9461", "9461\9461.vcxproj", "{A73BA2B7-6D71-465F-AE59-6D25BA215122}"
EndProject
Global
	GlobalSection(SolutionConfigurationPlatforms) = preSolution
		Debug|x64 = Debug|x64
		Debug|x86 = Debug|x86
		Release|x64 = Release|x64
		Release|x86 = Release|x86
	EndGlobalSection
	GlobalSection(ProjectConfigurationPlatforms) = postSolution
		{A73BA2B7-6D71-465F-AE59-6D25BA215122}.Debug|x64.ActiveCfg = Debug|x64
		{A73BA2B7-6D71-465F-AE59-6D25BA215122}.Debug|x64.Build.0 = Debug|x64
		{A73BA2B7-6D71-465F-AE59-6D25BA215122}.Debug|x86.ActiveCfg = Debug|Win32
		{A73BA2B7-6D71-465F-AE59-6D25BA215122}.Debug|x86.Build.0 = Debug|Win32
		{A73BA2B7-6D71-465F-AE59-6D25BA215122}.Release|x64.ActiveCfg = Release|x64
		{A73BA2B7-6D71-465F-AE59-6D25BA215122}.Release|x64.Build.0 = Release|x64
		{A73BA2B7-6D71-465F-AE59-6D25BA215122}.Release|x86.ActiveCfg = Release|Win32
		{A73BA2B7-6D71-465F-AE59-6D25BA215122}.Release|x86.Build.0 = Release|Win32
	EndGlobalSection
	GlobalSection(SolutionProperties) = preSolution
		HideSolutionNode = FALSE
	EndGlobalSection
	GlobalSection(ExtensibilityGlobals) = postSolution
		SolutionGuid = {30F93D54-C9BC-4BFF-BEB4-9D5AB4418AE9}
	EndGlobalSection
EndGlobal
