
Microsoft Visual Studio Solution File, Format Version 12.00
# Visual Studio Version 16
VisualStudioVersion = 16.0.29926.136
MinimumVisualStudioVersion = 10.0.40219.1
Project("{8BC9CEB8-8B4A-11D0-8D11-00A0C91BC942}") = "12852", "12852\12852.vcxproj", "{247E2144-1D25-465F-938C-90BA05AD3CEA}"
EndProject
Global
	GlobalSection(SolutionConfigurationPlatforms) = preSolution
		Debug|x64 = Debug|x64
		Debug|x86 = Debug|x86
		Release|x64 = Release|x64
		Release|x86 = Release|x86
	EndGlobalSection
	GlobalSection(ProjectConfigurationPlatforms) = postSolution
		{247E2144-1D25-465F-938C-90BA05AD3CEA}.Debug|x64.ActiveCfg = Debug|x64
		{247E2144-1D25-465F-938C-90BA05AD3CEA}.Debug|x64.Build.0 = Debug|x64
		{247E2144-1D25-465F-938C-90BA05AD3CEA}.Debug|x86.ActiveCfg = Debug|Win32
		{247E2144-1D25-465F-938C-90BA05AD3CEA}.Debug|x86.Build.0 = Debug|Win32
		{247E2144-1D25-465F-938C-90BA05AD3CEA}.Release|x64.ActiveCfg = Release|x64
		{247E2144-1D25-465F-938C-90BA05AD3CEA}.Release|x64.Build.0 = Release|x64
		{247E2144-1D25-465F-938C-90BA05AD3CEA}.Release|x86.ActiveCfg = Release|Win32
		{247E2144-1D25-465F-938C-90BA05AD3CEA}.Release|x86.Build.0 = Release|Win32
	EndGlobalSection
	GlobalSection(SolutionProperties) = preSolution
		HideSolutionNode = FALSE
	EndGlobalSection
	GlobalSection(ExtensibilityGlobals) = postSolution
		SolutionGuid = {0F429178-4FCC-45FE-9FF1-270E95A2634A}
	EndGlobalSection
EndGlobal
