
Microsoft Visual Studio Solution File, Format Version 12.00
# Visual Studio 15
VisualStudioVersion = 15.0.28010.2046
MinimumVisualStudioVersion = 10.0.40219.1
Project("{8BC9CEB8-8B4A-11D0-8D11-00A0C91BC942}") = "2292", "2292\2292.vcxproj", "{6396FA2A-5E0F-48F5-AE44-F218487D2402}"
EndProject
Global
	GlobalSection(SolutionConfigurationPlatforms) = preSolution
		Debug|x64 = Debug|x64
		Debug|x86 = Debug|x86
		Release|x64 = Release|x64
		Release|x86 = Release|x86
	EndGlobalSection
	GlobalSection(ProjectConfigurationPlatforms) = postSolution
		{6396FA2A-5E0F-48F5-AE44-F218487D2402}.Debug|x64.ActiveCfg = Debug|x64
		{6396FA2A-5E0F-48F5-AE44-F218487D2402}.Debug|x64.Build.0 = Debug|x64
		{6396FA2A-5E0F-48F5-AE44-F218487D2402}.Debug|x86.ActiveCfg = Debug|Win32
		{6396FA2A-5E0F-48F5-AE44-F218487D2402}.Debug|x86.Build.0 = Debug|Win32
		{6396FA2A-5E0F-48F5-AE44-F218487D2402}.Release|x64.ActiveCfg = Release|x64
		{6396FA2A-5E0F-48F5-AE44-F218487D2402}.Release|x64.Build.0 = Release|x64
		{6396FA2A-5E0F-48F5-AE44-F218487D2402}.Release|x86.ActiveCfg = Release|Win32
		{6396FA2A-5E0F-48F5-AE44-F218487D2402}.Release|x86.Build.0 = Release|Win32
	EndGlobalSection
	GlobalSection(SolutionProperties) = preSolution
		HideSolutionNode = FALSE
	EndGlobalSection
	GlobalSection(ExtensibilityGlobals) = postSolution
		SolutionGuid = {84F7611B-BD1F-40A9-89AE-5C3D860F8C03}
	EndGlobalSection
EndGlobal
