
Microsoft Visual Studio Solution File, Format Version 12.00
# Visual Studio 15
VisualStudioVersion = 15.0.28010.2046
MinimumVisualStudioVersion = 10.0.40219.1
Project("{8BC9CEB8-8B4A-11D0-8D11-00A0C91BC942}") = "2581", "2581\2581.vcxproj", "{A18FEB53-14B0-4372-B0F6-9403AB571040}"
EndProject
Global
	GlobalSection(SolutionConfigurationPlatforms) = preSolution
		Debug|x64 = Debug|x64
		Debug|x86 = Debug|x86
		Release|x64 = Release|x64
		Release|x86 = Release|x86
	EndGlobalSection
	GlobalSection(ProjectConfigurationPlatforms) = postSolution
		{A18FEB53-14B0-4372-B0F6-9403AB571040}.Debug|x64.ActiveCfg = Debug|x64
		{A18FEB53-14B0-4372-B0F6-9403AB571040}.Debug|x64.Build.0 = Debug|x64
		{A18FEB53-14B0-4372-B0F6-9403AB571040}.Debug|x86.ActiveCfg = Debug|Win32
		{A18FEB53-14B0-4372-B0F6-9403AB571040}.Debug|x86.Build.0 = Debug|Win32
		{A18FEB53-14B0-4372-B0F6-9403AB571040}.Release|x64.ActiveCfg = Release|x64
		{A18FEB53-14B0-4372-B0F6-9403AB571040}.Release|x64.Build.0 = Release|x64
		{A18FEB53-14B0-4372-B0F6-9403AB571040}.Release|x86.ActiveCfg = Release|Win32
		{A18FEB53-14B0-4372-B0F6-9403AB571040}.Release|x86.Build.0 = Release|Win32
	EndGlobalSection
	GlobalSection(SolutionProperties) = preSolution
		HideSolutionNode = FALSE
	EndGlobalSection
	GlobalSection(ExtensibilityGlobals) = postSolution
		SolutionGuid = {4AED1C4D-E345-4BA5-979F-21F2933771B6}
	EndGlobalSection
EndGlobal
