
Microsoft Visual Studio Solution File, Format Version 12.00
# Visual Studio Version 16
VisualStudioVersion = 16.0.29306.81
MinimumVisualStudioVersion = 10.0.40219.1
Project("{8BC9CEB8-8B4A-11D0-8D11-00A0C91BC942}") = "11399", "11399\11399.vcxproj", "{D9E5E9E2-BCA7-4E66-B307-8976B68B0EE0}"
EndProject
Global
	GlobalSection(SolutionConfigurationPlatforms) = preSolution
		Debug|x64 = Debug|x64
		Debug|x86 = Debug|x86
		Release|x64 = Release|x64
		Release|x86 = Release|x86
	EndGlobalSection
	GlobalSection(ProjectConfigurationPlatforms) = postSolution
		{D9E5E9E2-BCA7-4E66-B307-8976B68B0EE0}.Debug|x64.ActiveCfg = Debug|x64
		{D9E5E9E2-BCA7-4E66-B307-8976B68B0EE0}.Debug|x64.Build.0 = Debug|x64
		{D9E5E9E2-BCA7-4E66-B307-8976B68B0EE0}.Debug|x86.ActiveCfg = Debug|Win32
		{D9E5E9E2-BCA7-4E66-B307-8976B68B0EE0}.Debug|x86.Build.0 = Debug|Win32
		{D9E5E9E2-BCA7-4E66-B307-8976B68B0EE0}.Release|x64.ActiveCfg = Release|x64
		{D9E5E9E2-BCA7-4E66-B307-8976B68B0EE0}.Release|x64.Build.0 = Release|x64
		{D9E5E9E2-BCA7-4E66-B307-8976B68B0EE0}.Release|x86.ActiveCfg = Release|Win32
		{D9E5E9E2-BCA7-4E66-B307-8976B68B0EE0}.Release|x86.Build.0 = Release|Win32
	EndGlobalSection
	GlobalSection(SolutionProperties) = preSolution
		HideSolutionNode = FALSE
	EndGlobalSection
	GlobalSection(ExtensibilityGlobals) = postSolution
		SolutionGuid = {73D6F76F-1835-449F-9DF4-2734AA876CFF}
	EndGlobalSection
EndGlobal
